
Microsoft Visual Studio Solution File, Format Version 12.00
# Visual Studio Version 17
VisualStudioVersion = 17.12.35527.113
MinimumVisualStudioVersion = 10.0.40219.1
Project("{2150E333-8FDC-42A3-9474-1A3956D46DE8}") = "PhaseSolutions(Obsolete)", "PhaseSolutions(Obsolete)", "{02EA681E-C7D8-13C7-8484-4AC65E1B71E8}"
EndProject
Project("{2150E333-8FDC-42A3-9474-1A3956D46DE8}") = "Phase1(obsolete)", "Phase1(obsolete)", "{0C2E3474-905A-4985-90C8-11063059AC9F}"
EndProject
Project("{FAE04EC0-301F-11D3-BF4B-00C04F79EFBC}") = "Learn.Csharp.Week1.Solution.Console", "Learn.Csharp.Phase1.Solution.Console\Learn.Csharp.Week1.Solution.Console.csproj", "{B57B2A41-EC34-41ED-9128-1363E63CFE3E}"
EndProject
Project("{FAE04EC0-301F-11D3-BF4B-00C04F79EFBC}") = "Learn.Csharp.Week2.Solution.Api", "Learn.Csharp.Week2.Solution.Api\Learn.Csharp.Week2.Solution.Api.csproj", "{6EA82D89-AD9A-4A39-8141-21311B9E3854}"
EndProject
Project("{2150E333-8FDC-42A3-9474-1A3956D46DE8}") = "ProjectConfig", "ProjectConfig", "{B81753D5-1789-4EB3-B39C-78CE62D87D7C}"
	ProjectSection(SolutionItems) = preProject
		Directory.Packages.props = Directory.Packages.props
	EndProjectSection
EndProject
Project("{FAE04EC0-301F-11D3-BF4B-00C04F79EFBC}") = "Learn.Csharp.Collections.Console", "Learn.Csharp.Collections.Console\Learn.Csharp.Collections.Console.csproj", "{39C83D90-76AC-02D2-B14B-8F65356CFDE3}"
EndProject
Project("{FAE04EC0-301F-11D3-BF4B-00C04F79EFBC}") = "Learn.Csharp.Linq.Console", "Learn.Csharp.Linq.Console\Learn.Csharp.Linq.Console.csproj", "{A929C576-F713-5FF3-9D8B-649F989A6B7A}"
EndProject
Project("{2150E333-8FDC-42A3-9474-1A3956D46DE8}") = "DotNetFundamentals", "DotNetFundamentals", "{AFEAE168-9B39-408D-9D19-47F22A083A2D}"
EndProject
Project("{2150E333-8FDC-42A3-9474-1A3956D46DE8}") = "SoftwareArchitecture", "SoftwareArchitecture", "{77B2CFAC-2422-4D66-9C8B-36731016A005}"
EndProject
Project("{2150E333-8FDC-42A3-9474-1A3956D46DE8}") = "SystemDesigns", "SystemDesigns", "{14E61596-DC46-409E-85BD-07D4EED1EBF6}"
EndProject
Project("{2150E333-8FDC-42A3-9474-1A3956D46DE8}") = "CloudInfrastracture", "CloudInfrastracture", "{EB00EDD3-AAC2-4162-83AB-17A01242B728}"
EndProject
Project("{2150E333-8FDC-42A3-9474-1A3956D46DE8}") = "CrossCutting", "CrossCutting", "{BA01D06E-95A6-4F03-BA54-A2A8E23537A2}"
EndProject
Project("{2150E333-8FDC-42A3-9474-1A3956D46DE8}") = "LearningAreas", "LearningAreas", "{D30E08BC-ED35-43AF-90A2-2B89A504BC13}"
EndProject
Global
	GlobalSection(SolutionConfigurationPlatforms) = preSolution
		Debug|Any CPU = Debug|Any CPU
		Release|Any CPU = Release|Any CPU
	EndGlobalSection
	GlobalSection(ProjectConfigurationPlatforms) = postSolution
		{B57B2A41-EC34-41ED-9128-1363E63CFE3E}.Debug|Any CPU.ActiveCfg = Debug|Any CPU
		{B57B2A41-EC34-41ED-9128-1363E63CFE3E}.Debug|Any CPU.Build.0 = Debug|Any CPU
		{B57B2A41-EC34-41ED-9128-1363E63CFE3E}.Release|Any CPU.ActiveCfg = Release|Any CPU
		{B57B2A41-EC34-41ED-9128-1363E63CFE3E}.Release|Any CPU.Build.0 = Release|Any CPU
		{6EA82D89-AD9A-4A39-8141-21311B9E3854}.Debug|Any CPU.ActiveCfg = Debug|Any CPU
		{6EA82D89-AD9A-4A39-8141-21311B9E3854}.Debug|Any CPU.Build.0 = Debug|Any CPU
		{6EA82D89-AD9A-4A39-8141-21311B9E3854}.Release|Any CPU.ActiveCfg = Release|Any CPU
		{6EA82D89-AD9A-4A39-8141-21311B9E3854}.Release|Any CPU.Build.0 = Release|Any CPU
		{39C83D90-76AC-02D2-B14B-8F65356CFDE3}.Debug|Any CPU.ActiveCfg = Debug|Any CPU
		{39C83D90-76AC-02D2-B14B-8F65356CFDE3}.Debug|Any CPU.Build.0 = Debug|Any CPU
		{39C83D90-76AC-02D2-B14B-8F65356CFDE3}.Release|Any CPU.ActiveCfg = Release|Any CPU
		{39C83D90-76AC-02D2-B14B-8F65356CFDE3}.Release|Any CPU.Build.0 = Release|Any CPU
		{A929C576-F713-5FF3-9D8B-649F989A6B7A}.Debug|Any CPU.ActiveCfg = Debug|Any CPU
		{A929C576-F713-5FF3-9D8B-649F989A6B7A}.Debug|Any CPU.Build.0 = Debug|Any CPU
		{A929C576-F713-5FF3-9D8B-649F989A6B7A}.Release|Any CPU.ActiveCfg = Release|Any CPU
		{A929C576-F713-5FF3-9D8B-649F989A6B7A}.Release|Any CPU.Build.0 = Release|Any CPU
	EndGlobalSection
	GlobalSection(SolutionProperties) = preSolution
		HideSolutionNode = FALSE
	EndGlobalSection
	GlobalSection(NestedProjects) = preSolution
		{0C2E3474-905A-4985-90C8-11063059AC9F} = {02EA681E-C7D8-13C7-8484-4AC65E1B71E8}
		{B57B2A41-EC34-41ED-9128-1363E63CFE3E} = {0C2E3474-905A-4985-90C8-11063059AC9F}
		{6EA82D89-AD9A-4A39-8141-21311B9E3854} = {0C2E3474-905A-4985-90C8-11063059AC9F}
		{39C83D90-76AC-02D2-B14B-8F65356CFDE3} = {0C2E3474-905A-4985-90C8-11063059AC9F}
		{A929C576-F713-5FF3-9D8B-649F989A6B7A} = {0C2E3474-905A-4985-90C8-11063059AC9F}
		{AFEAE168-9B39-408D-9D19-47F22A083A2D} = {D30E08BC-ED35-43AF-90A2-2B89A504BC13}
		{77B2CFAC-2422-4D66-9C8B-36731016A005} = {D30E08BC-ED35-43AF-90A2-2B89A504BC13}
		{14E61596-DC46-409E-85BD-07D4EED1EBF6} = {D30E08BC-ED35-43AF-90A2-2B89A504BC13}
		{EB00EDD3-AAC2-4162-83AB-17A01242B728} = {D30E08BC-ED35-43AF-90A2-2B89A504BC13}
		{BA01D06E-95A6-4F03-BA54-A2A8E23537A2} = {D30E08BC-ED35-43AF-90A2-2B89A504BC13}
	EndGlobalSection
	GlobalSection(ExtensibilityGlobals) = postSolution
		SolutionGuid = {4FC1A02E-A347-4186-B08C-72847A51C630}
	EndGlobalSection
EndGlobal
